// !$*UTF8*$!
{
	archiveVersion = 1;
	classes = {
	};
	objectVersion = 46;
	objects = {

/* Begin PBXBuildFile section */
		42D3F49F1D43C66F00CA590A /* AppDelegate.swift in Sources */ = {isa = PBXBuildFile; fileRef = 42D3F49E1D43C66F00CA590A /* AppDelegate.swift */; };
		42D3F4A11D43C66F00CA590A /* ViewController.swift in Sources */ = {isa = PBXBuildFile; fileRef = 42D3F4A01D43C66F00CA590A /* ViewController.swift */; };
		42D3F4A41D43C66F00CA590A /* Main.storyboard in Resources */ = {isa = PBXBuildFile; fileRef = 42D3F4A21D43C66F00CA590A /* Main.storyboard */; };
		42D3F4A61D43C66F00CA590A /* Assets.xcassets in Resources */ = {isa = PBXBuildFile; fileRef = 42D3F4A51D43C66F00CA590A /* Assets.xcassets */; };
		42D3F4A91D43C66F00CA590A /* LaunchScreen.storyboard in Resources */ = {isa = PBXBuildFile; fileRef = 42D3F4A71D43C66F00CA590A /* LaunchScreen.storyboard */; };
		42DFBAE91D482E2D001FE523 /* CalculatorBrain.swift in Sources */ = {isa = PBXBuildFile; fileRef = 42DFBAE81D482E2D001FE523 /* CalculatorBrain.swift */; };
/* End PBXBuildFile section */

/* Begin PBXFileReference section */
		42D3F49B1D43C66F00CA590A /* CS193P_Calculator.app */ = {isa = PBXFileReference; explicitFileType = wrapper.application; includeInIndex = 0; path = CS193P_Calculator.app; sourceTree = BUILT_PRODUCTS_DIR; };
		42D3F49E1D43C66F00CA590A /* AppDelegate.swift */ = {isa = PBXFileReference; lastKnownFileType = sourcecode.swift; path = AppDelegate.swift; sourceTree = "<group>"; };
		42D3F4A01D43C66F00CA590A /* ViewController.swift */ = {isa = PBXFileReference; lastKnownFileType = sourcecode.swift; path = ViewController.swift; sourceTree = "<group>"; };
		42D3F4A31D43C66F00CA590A /* Base */ = {isa = PBXFileReference; lastKnownFileType = file.storyboard; name = Base; path = Base.lproj/Main.storyboard; sourceTree = "<group>"; };
		42D3F4A51D43C66F00CA590A /* Assets.xcassets */ = {isa = PBXFileReference; lastKnownFileType = folder.assetcatalog; path = Assets.xcassets; sourceTree = "<group>"; };
		42D3F4A81D43C66F00CA590A /* Base */ = {isa = PBXFileReference; lastKnownFileType = file.storyboard; name = Base; path = Base.lproj/LaunchScreen.storyboard; sourceTree = "<group>"; };
		42D3F4AA1D43C66F00CA590A /* Info.plist */ = {isa = PBXFileReference; lastKnownFileType = text.plist.xml; path = Info.plist; sourceTree = "<group>"; };
		42DFBAE81D482E2D001FE523 /* CalculatorBrain.swift */ = {isa = PBXFileReference; fileEncoding = 4; lastKnownFileType = sourcecode.swift; path = CalculatorBrain.swift; sourceTree = "<group>"; };
/* End PBXFileReference section */

/* Begin PBXFrameworksBuildPhase section */
		42D3F4981D43C66F00CA590A /* Frameworks */ = {
			isa = PBXFrameworksBuildPhase;
			buildActionMask = 2147483647;
			files = (
			);
			runOnlyForDeploymentPostprocessing = 0;
		};
/* End PBXFrameworksBuildPhase section */

/* Begin PBXGroup section */
		42D3F4921D43C66F00CA590A = {
			isa = PBXGroup;
			children = (
				42D3F49D1D43C66F00CA590A /* CS193P_Calculator */,
				42D3F49C1D43C66F00CA590A /* Products */,
			);
			sourceTree = "<group>";
		};
		42D3F49C1D43C66F00CA590A /* Products */ = {
			isa = PBXGroup;
			children = (
				42D3F49B1D43C66F00CA590A /* CS193P_Calculator.app */,
			);
			name = Products;
			sourceTree = "<group>";
		};
		42D3F49D1D43C66F00CA590A /* CS193P_Calculator */ = {
			isa = PBXGroup;
			children = (
				42D3F4B01D43C89400CA590A /* Supporting Files */,
				42D3F4A01D43C66F00CA590A /* ViewController.swift */,
				42D3F4A21D43C66F00CA590A /* Main.storyboard */,
				42DFBAE81D482E2D001FE523 /* CalculatorBrain.swift */,
			);
			path = CS193P_Calculator;
			sourceTree = "<group>";
		};
		42D3F4B01D43C89400CA590A /* Supporting Files */ = {
			isa = PBXGroup;
			children = (
				42D3F49E1D43C66F00CA590A /* AppDelegate.swift */,
				42D3F4A51D43C66F00CA590A /* Assets.xcassets */,
				42D3F4A71D43C66F00CA590A /* LaunchScreen.storyboard */,
				42D3F4AA1D43C66F00CA590A /* Info.plist */,
			);
			name = "Supporting Files";
			sourceTree = "<group>";
		};
/* End PBXGroup section */

/* Begin PBXNativeTarget section */
		42D3F49A1D43C66F00CA590A /* CS193P_Calculator */ = {
			isa = PBXNativeTarget;
			buildConfigurationList = 42D3F4AD1D43C66F00CA590A /* Build configuration list for PBXNativeTarget "CS193P_Calculator" */;
			buildPhases = (
				42D3F4971D43C66F00CA590A /* Sources */,
				42D3F4981D43C66F00CA590A /* Frameworks */,
				42D3F4991D43C66F00CA590A /* Resources */,
			);
			buildRules = (
			);
			dependencies = (
			);
			name = CS193P_Calculator;
			productName = Calculator;
			productReference = 42D3F49B1D43C66F00CA590A /* CS193P_Calculator.app */;
			productType = "com.apple.product-type.application";
		};
/* End PBXNativeTarget section */

/* Begin PBXProject section */
		42D3F4931D43C66F00CA590A /* Project object */ = {
			isa = PBXProject;
			attributes = {
				LastSwiftUpdateCheck = 0720;
				LastUpgradeCheck = 0720;
				ORGANIZATIONNAME = "Yuduo Zhang";
				TargetAttributes = {
					42D3F49A1D43C66F00CA590A = {
						CreatedOnToolsVersion = 7.2.1;
						DevelopmentTeam = 942X8MDAS4;
					};
				};
			};
			buildConfigurationList = 42D3F4961D43C66F00CA590A /* Build configuration list for PBXProject "CS193P_Calculator" */;
			compatibilityVersion = "Xcode 3.2";
			developmentRegion = English;
			hasScannedForEncodings = 0;
			knownRegions = (
				en,
				Base,
			);
			mainGroup = 42D3F4921D43C66F00CA590A;
			productRefGroup = 42D3F49C1D43C66F00CA590A /* Products */;
			projectDirPath = "";
			projectRoot = "";
			targets = (
				42D3F49A1D43C66F00CA590A /* CS193P_Calculator */,
			);
		};
/* End PBXProject section */

/* Begin PBXResourcesBuildPhase section */
		42D3F4991D43C66F00CA590A /* Resources */ = {
			isa = PBXResourcesBuildPhase;
			buildActionMask = 2147483647;
			files = (
				42D3F4A91D43C66F00CA590A /* LaunchScreen.storyboard in Resources */,
				42D3F4A61D43C66F00CA590A /* Assets.xcassets in Resources */,
				42D3F4A41D43C66F00CA590A /* Main.storyboard in Resources */,
			);
			runOnlyForDeploymentPostprocessing = 0;
		};
/* End PBXResourcesBuildPhase section */

/* Begin PBXSourcesBuildPhase section */
		42D3F4971D43C66F00CA590A /* Sources */ = {
			isa = PBXSourcesBuildPhase;
			buildActionMask = 2147483647;
			files = (
				42DFBAE91D482E2D001FE523 /* CalculatorBrain.swift in Sources */,
				42D3F4A11D43C66F00CA590A /* ViewController.swift in Sources */,
				42D3F49F1D43C66F00CA590A /* AppDelegate.swift in Sources */,
			);
			runOnlyForDeploymentPostprocessing = 0;
		};
/* End PBXSourcesBuildPhase section */

/* Begin PBXVariantGroup section */
		42D3F4A21D43C66F00CA590A /* Main.storyboard */ = {
			isa = PBXVariantGroup;
			children = (
				42D3F4A31D43C66F00CA590A /* Base */,
			);
			name = Main.storyboard;
			sourceTree = "<group>";
		};
		42D3F4A71D43C66F00CA590A /* LaunchScreen.storyboard */ = {
			isa = PBXVariantGroup;
			children = (
				42D3F4A81D43C66F00CA590A /* Base */,
			);
			name = LaunchScreen.storyboard;
			sourceTree = "<group>";
		};
/* End PBXVariantGroup section */

/* Begin XCBuildConfiguration section */
		42D3F4AB1D43C66F00CA590A /* Debug */ = {
			isa = XCBuildConfiguration;
			buildSettings = {
				ALWAYS_SEARCH_USER_PATHS = NO;
				CLANG_CXX_LANGUAGE_STANDARD = "gnu++0x";
				CLANG_CXX_LIBRARY = "libc++";
				CLANG_ENABLE_MODULES = YES;
				CLANG_ENABLE_OBJC_ARC = YES;
				CLANG_WARN_BOOL_CONVERSION = YES;
				CLANG_WARN_CONSTANT_CONVERSION = YES;
				CLANG_WARN_DIRECT_OBJC_ISA_USAGE = YES_ERROR;
				CLANG_WARN_EMPTY_BODY = YES;
				CLANG_WARN_ENUM_CONVERSION = YES;
				CLANG_WARN_INT_CONVERSION = YES;
				CLANG_WARN_OBJC_ROOT_CLASS = YES_ERROR;
				CLANG_WARN_UNREACHABLE_CODE = YES;
				CLANG_WARN__DUPLICATE_METHOD_MATCH = YES;
				"CODE_SIGN_IDENTITY[sdk=iphoneos*]" = "iPhone Developer";
				COPY_PHASE_STRIP = NO;
				DEBUG_INFORMATION_FORMAT = dwarf;
				ENABLE_STRICT_OBJC_MSGSEND = YES;
				ENABLE_TESTABILITY = YES;
				GCC_C_LANGUAGE_STANDARD = gnu99;
				GCC_DYNAMIC_NO_PIC = NO;
				GCC_NO_COMMON_BLOCKS = YES;
				GCC_OPTIMIZATION_LEVEL = 0;
				GCC_PREPROCESSOR_DEFINITIONS = (
					"DEBUG=1",
					"$(inherited)",
				);
				GCC_WARN_64_TO_32_BIT_CONVERSION = YES;
				GCC_WARN_ABOUT_RETURN_TYPE = YES_ERROR;
				GCC_WARN_UNDECLARED_SELECTOR = YES;
				GCC_WARN_UNINITIALIZED_AUTOS = YES_AGGRESSIVE;
				GCC_WARN_UNUSED_FUNCTION = YES;
				GCC_WARN_UNUSED_VARIABLE = YES;
				IPHONEOS_DEPLOYMENT_TARGET = 9.2;
				MTL_ENABLE_DEBUG_INFO = YES;
				ONLY_ACTIVE_ARCH = YES;
				SDKROOT = iphoneos;
				SWIFT_OPTIMIZATION_LEVEL = "-Onone";
				TARGETED_DEVICE_FAMILY = "1,2";
			};
			name = Debug;
		};
		42D3F4AC1D43C66F00CA590A /* Release */ = {
			isa = XCBuildConfiguration;
			buildSettings = {
				ALWAYS_SEARCH_USER_PATHS = NO;
				CLANG_CXX_LANGUAGE_STANDARD = "gnu++0x";
				CLANG_CXX_LIBRARY = "libc++";
				CLANG_ENABLE_MODULES = YES;
				CLANG_ENABLE_OBJC_ARC = YES;
				CLANG_WARN_BOOL_CONVERSION = YES;
				CLANG_WARN_CONSTANT_CONVERSION = YES;
				CLANG_WARN_DIRECT_OBJC_ISA_USAGE = YES_ERROR;
				CLANG_WARN_EMPTY_BODY = YES;
				CLANG_WARN_ENUM_CONVERSION = YES;
				CLANG_WARN_INT_CONVERSION = YES;
				CLANG_WARN_OBJC_ROOT_CLASS = YES_ERROR;
				CLANG_WARN_UNREACHABLE_CODE = YES;
				CLANG_WARN__DUPLICATE_METHOD_MATCH = YES;
				"CODE_SIGN_IDENTITY[sdk=iphoneos*]" = "iPhone Developer";
				COPY_PHASE_STRIP = NO;
				DEBUG_INFORMATION_FORMAT = "dwarf-with-dsym";
				ENABLE_NS_ASSERTIONS = NO;
				ENABLE_STRICT_OBJC_MSGSEND = YES;
				GCC_C_LANGUAGE_STANDARD = gnu99;
				GCC_NO_COMMON_BLOCKS = YES;
				GCC_WARN_64_TO_32_BIT_CONVERSION = YES;
				GCC_WARN_ABOUT_RETURN_TYPE = YES_ERROR;
				GCC_WARN_UNDECLARED_SELECTOR = YES;
				GCC_WARN_UNINITIALIZED_AUTOS = YES_AGGRESSIVE;
				GCC_WARN_UNUSED_FUNCTION = YES;
				GCC_WARN_UNUSED_VARIABLE = YES;
				IPHONEOS_DEPLOYMENT_TARGET = 9.2;
				MTL_ENABLE_DEBUG_INFO = NO;
				SDKROOT = iphoneos;
				TARGETED_DEVICE_FAMILY = "1,2";
				VALIDATE_PRODUCT = YES;
			};
			name = Release;
		};
		42D3F4AE1D43C66F00CA590A /* Debug */ = {
			isa = XCBuildConfiguration;
			buildSettings = {
				ASSETCATALOG_COMPILER_APPICON_NAME = AppIcon;
				CODE_SIGN_IDENTITY = "iPhone Developer";
				"CODE_SIGN_IDENTITY[sdk=iphoneos*]" = "iPhone Developer";
				INFOPLIST_FILE = CS193P_Calculator/Info.plist;
				LD_RUNPATH_SEARCH_PATHS = "$(inherited) @executable_path/Frameworks";
				PRODUCT_BUNDLE_IDENTIFIER = "com.yuduozhang.CS193P-Calculator";
				PRODUCT_NAME = CS193P_Calculator;
				PROVISIONING_PROFILE = "";
			};
			name = Debug;
		};
		42D3F4AF1D43C66F00CA590A /* Release */ = {
			isa = XCBuildConfiguration;
			buildSettings = {
				ASSETCATALOG_COMPILER_APPICON_NAME = AppIcon;
				CODE_SIGN_IDENTITY = "iPhone Developer";
				"CODE_SIGN_IDENTITY[sdk=iphoneos*]" = "iPhone Developer";
				INFOPLIST_FILE = CS193P_Calculator/Info.plist;
				LD_RUNPATH_SEARCH_PATHS = "$(inherited) @executable_path/Frameworks";
				PRODUCT_BUNDLE_IDENTIFIER = "com.yuduozhang.CS193P-Calculator";
				PRODUCT_NAME = CS193P_Calculator;
				PROVISIONING_PROFILE = "";
			};
			name = Release;
		};
/* End XCBuildConfiguration section */

/* Begin XCConfigurationList section */
		42D3F4961D43C66F00CA590A /* Build configuration list for PBXProject "CS193P_Calculator" */ = {
			isa = XCConfigurationList;
			buildConfigurations = (
				42D3F4AB1D43C66F00CA590A /* Debug */,
				42D3F4AC1D43C66F00CA590A /* Release */,
			);
			defaultConfigurationIsVisible = 0;
			defaultConfigurationName = Release;
		};
		42D3F4AD1D43C66F00CA590A /* Build configuration list for PBXNativeTarget "CS193P_Calculator" */ = {
			isa = XCConfigurationList;
			buildConfigurations = (
				42D3F4AE1D43C66F00CA590A /* Debug */,
				42D3F4AF1D43C66F00CA590A /* Release */,
			);
			defaultConfigurationIsVisible = 0;
			defaultConfigurationName = Release;
		};
/* End XCConfigurationList section */
	};
	rootObject = 42D3F4931D43C66F00CA590A /* Project object */;
}
